// !$*UTF8*$!
{
	archiveVersion = 1;
	classes = {
	};
	objectVersion = 48;
	objects = {

/* Begin PBXBuildFile section */
		C240C7ED2166F13A00CDCB3A /* AppDelegate.swift in Sources */ = {isa = PBXBuildFile; fileRef = C240C7EC2166F13A00CDCB3A /* AppDelegate.swift */; };
		C240C7F22166F13A00CDCB3A /* Main.storyboard in Resources */ = {isa = PBXBuildFile; fileRef = C240C7F02166F13A00CDCB3A /* Main.storyboard */; };
		C240C7F42166F13A00CDCB3A /* Assets.xcassets in Resources */ = {isa = PBXBuildFile; fileRef = C240C7F32166F13A00CDCB3A /* Assets.xcassets */; };
		C240C7F72166F13A00CDCB3A /* LaunchScreen.storyboard in Resources */ = {isa = PBXBuildFile; fileRef = C240C7F52166F13A00CDCB3A /* LaunchScreen.storyboard */; };
		C240C7FF2166F19900CDCB3A /* MasterTableViewController.swift in Sources */ = {isa = PBXBuildFile; fileRef = C240C7FE2166F19900CDCB3A /* MasterTableViewController.swift */; };
/* End PBXBuildFile section */

/* Begin PBXFileReference section */
		C240C7E92166F13A00CDCB3A /* LoadMore.app */ = {isa = PBXFileReference; explicitFileType = wrapper.application; includeInIndex = 0; path = LoadMore.app; sourceTree = BUILT_PRODUCTS_DIR; };
		C240C7EC2166F13A00CDCB3A /* AppDelegate.swift */ = {isa = PBXFileReference; lastKnownFileType = sourcecode.swift; path = AppDelegate.swift; sourceTree = "<group>"; };
		C240C7F12166F13A00CDCB3A /* Base */ = {isa = PBXFileReference; lastKnownFileType = file.storyboard; name = Base; path = Base.lproj/Main.storyboard; sourceTree = "<group>"; };
		C240C7F32166F13A00CDCB3A /* Assets.xcassets */ = {isa = PBXFileReference; lastKnownFileType = folder.assetcatalog; path = Assets.xcassets; sourceTree = "<group>"; };
		C240C7F62166F13A00CDCB3A /* Base */ = {isa = PBXFileReference; lastKnownFileType = file.storyboard; name = Base; path = Base.lproj/LaunchScreen.storyboard; sourceTree = "<group>"; };
		C240C7F82166F13A00CDCB3A /* Info.plist */ = {isa = PBXFileReference; lastKnownFileType = text.plist.xml; path = Info.plist; sourceTree = "<group>"; };
		C240C7FE2166F19900CDCB3A /* MasterTableViewController.swift */ = {isa = PBXFileReference; lastKnownFileType = sourcecode.swift; path = MasterTableViewController.swift; sourceTree = "<group>"; };
/* End PBXFileReference section */

/* Begin PBXFrameworksBuildPhase section */
		C240C7E62166F13A00CDCB3A /* Frameworks */ = {
			isa = PBXFrameworksBuildPhase;
			buildActionMask = 2147483647;
			files = (
			);
			runOnlyForDeploymentPostprocessing = 0;
		};
/* End PBXFrameworksBuildPhase section */

/* Begin PBXGroup section */
		C240C7E02166F13A00CDCB3A = {
			isa = PBXGroup;
			children = (
				C240C7EB2166F13A00CDCB3A /* LoadMore */,
				C240C7EA2166F13A00CDCB3A /* Products */,
			);
			sourceTree = "<group>";
		};
		C240C7EA2166F13A00CDCB3A /* Products */ = {
			isa = PBXGroup;
			children = (
				C240C7E92166F13A00CDCB3A /* LoadMore.app */,
			);
			name = Products;
			sourceTree = "<group>";
		};
		C240C7EB2166F13A00CDCB3A /* LoadMore */ = {
			isa = PBXGroup;
			children = (
				C240C7EC2166F13A00CDCB3A /* AppDelegate.swift */,
				C240C7FE2166F19900CDCB3A /* MasterTableViewController.swift */,
				C240C7F02166F13A00CDCB3A /* Main.storyboard */,
				C240C7F32166F13A00CDCB3A /* Assets.xcassets */,
				C240C7F52166F13A00CDCB3A /* LaunchScreen.storyboard */,
				C240C7F82166F13A00CDCB3A /* Info.plist */,
			);
			path = LoadMore;
			sourceTree = "<group>";
		};
/* End PBXGroup section */

/* Begin PBXNativeTarget section */
		C240C7E82166F13A00CDCB3A /* LoadMore */ = {
			isa = PBXNativeTarget;
			buildConfigurationList = C240C7FB2166F13A00CDCB3A /* Build configuration list for PBXNativeTarget "LoadMore" */;
			buildPhases = (
				C240C7E52166F13A00CDCB3A /* Sources */,
				C240C7E62166F13A00CDCB3A /* Frameworks */,
				C240C7E72166F13A00CDCB3A /* Resources */,
			);
			buildRules = (
			);
			dependencies = (
			);
			name = LoadMore;
			productName = LoadMore;
			productReference = C240C7E92166F13A00CDCB3A /* LoadMore.app */;
			productType = "com.apple.product-type.application";
		};
/* End PBXNativeTarget section */

/* Begin PBXProject section */
		C240C7E12166F13A00CDCB3A /* Project object */ = {
			isa = PBXProject;
			attributes = {
				LastSwiftUpdateCheck = 0920;
				LastUpgradeCheck = 0920;
				ORGANIZATIONNAME = "Trần Đức Anh";
				TargetAttributes = {
					C240C7E82166F13A00CDCB3A = {
						CreatedOnToolsVersion = 9.2;
						ProvisioningStyle = Automatic;
					};
				};
			};
			buildConfigurationList = C240C7E42166F13A00CDCB3A /* Build configuration list for PBXProject "LoadMore" */;
			compatibilityVersion = "Xcode 8.0";
			developmentRegion = en;
			hasScannedForEncodings = 0;
			knownRegions = (
				en,
				Base,
			);
			mainGroup = C240C7E02166F13A00CDCB3A;
			productRefGroup = C240C7EA2166F13A00CDCB3A /* Products */;
			projectDirPath = "";
			projectRoot = "";
			targets = (
				C240C7E82166F13A00CDCB3A /* LoadMore */,
			);
		};
/* End PBXProject section */

/* Begin PBXResourcesBuildPhase section */
		C240C7E72166F13A00CDCB3A /* Resources */ = {
			isa = PBXResourcesBuildPhase;
			buildActionMask = 2147483647;
			files = (
				C240C7F72166F13A00CDCB3A /* LaunchScreen.storyboard in Resources */,
				C240C7F42166F13A00CDCB3A /* Assets.xcassets in Resources */,
				C240C7F22166F13A00CDCB3A /* Main.storyboard in Resources */,
			);
			runOnlyForDeploymentPostprocessing = 0;
		};
/* End PBXResourcesBuildPhase section */

/* Begin PBXSourcesBuildPhase section */
		C240C7E52166F13A00CDCB3A /* Sources */ = {
			isa = PBXSourcesBuildPhase;
			buildActionMask = 2147483647;
			files = (
				C240C7ED2166F13A00CDCB3A /* AppDelegate.swift in Sources */,
				C240C7FF2166F19900CDCB3A /* MasterTableViewController.swift in Sources */,
			);
			runOnlyForDeploymentPostprocessing = 0;
		};
/* End PBXSourcesBuildPhase section */

/* Begin PBXVariantGroup section */
		C240C7F02166F13A00CDCB3A /* Main.storyboard */ = {
			isa = PBXVariantGroup;
			children = (
				C240C7F12166F13A00CDCB3A /* Base */,
			);
			name = Main.storyboard;
			sourceTree = "<group>";
		};
		C240C7F52166F13A00CDCB3A /* LaunchScreen.storyboard */ = {
			isa = PBXVariantGroup;
			children = (
				C240C7F62166F13A00CDCB3A /* Base */,
			);
			name = LaunchScreen.storyboard;
			sourceTree = "<group>";
		};
/* End PBXVariantGroup section */

/* Begin XCBuildConfiguration section */
		C240C7F92166F13A00CDCB3A /* Debug */ = {
			isa = XCBuildConfiguration;
			buildSettings = {
				ALWAYS_SEARCH_USER_PATHS = NO;
				CLANG_ANALYZER_NONNULL = YES;
				CLANG_ANALYZER_NUMBER_OBJECT_CONVERSION = YES_AGGRESSIVE;
				CLANG_CXX_LANGUAGE_STANDARD = "gnu++14";
				CLANG_CXX_LIBRARY = "libc++";
				CLANG_ENABLE_MODULES = YES;
				CLANG_ENABLE_OBJC_ARC = YES;
				CLANG_WARN_BLOCK_CAPTURE_AUTORELEASING = YES;
				CLANG_WARN_BOOL_CONVERSION = YES;
				CLANG_WARN_COMMA = YES;
				CLANG_WARN_CONSTANT_CONVERSION = YES;
				CLANG_WARN_DIRECT_OBJC_ISA_USAGE = YES_ERROR;
				CLANG_WARN_DOCUMENTATION_COMMENTS = YES;
				CLANG_WARN_EMPTY_BODY = YES;
				CLANG_WARN_ENUM_CONVERSION = YES;
				CLANG_WARN_INFINITE_RECURSION = YES;
				CLANG_WARN_INT_CONVERSION = YES;
				CLANG_WARN_NON_LITERAL_NULL_CONVERSION = YES;
				CLANG_WARN_OBJC_LITERAL_CONVERSION = YES;
				CLANG_WARN_OBJC_ROOT_CLASS = YES_ERROR;
				CLANG_WARN_RANGE_LOOP_ANALYSIS = YES;
				CLANG_WARN_STRICT_PROTOTYPES = YES;
				CLANG_WARN_SUSPICIOUS_MOVE = YES;
				CLANG_WARN_UNGUARDED_AVAILABILITY = YES_AGGRESSIVE;
				CLANG_WARN_UNREACHABLE_CODE = YES;
				CLANG_WARN__DUPLICATE_METHOD_MATCH = YES;
				CODE_SIGN_IDENTITY = "iPhone Developer";
				COPY_PHASE_STRIP = NO;
				DEBUG_INFORMATION_FORMAT = dwarf;
				ENABLE_STRICT_OBJC_MSGSEND = YES;
				ENABLE_TESTABILITY = YES;
				GCC_C_LANGUAGE_STANDARD = gnu11;
				GCC_DYNAMIC_NO_PIC = NO;
				GCC_NO_COMMON_BLOCKS = YES;
				GCC_OPTIMIZATION_LEVEL = 0;
				GCC_PREPROCESSOR_DEFINITIONS = (
					"DEBUG=1",
					"$(inherited)",
				);
				GCC_WARN_64_TO_32_BIT_CONVERSION = YES;
				GCC_WARN_ABOUT_RETURN_TYPE = YES_ERROR;
				GCC_WARN_UNDECLARED_SELECTOR = YES;
				GCC_WARN_UNINITIALIZED_AUTOS = YES_AGGRESSIVE;
				GCC_WARN_UNUSED_FUNCTION = YES;
				GCC_WARN_UNUSED_VARIABLE = YES;
				IPHONEOS_DEPLOYMENT_TARGET = 11.2;
				MTL_ENABLE_DEBUG_INFO = YES;
				ONLY_ACTIVE_ARCH = YES;
				SDKROOT = iphoneos;
				SWIFT_ACTIVE_COMPILATION_CONDITIONS = DEBUG;
				SWIFT_OPTIMIZATION_LEVEL = "-Onone";
			};
			name = Debug;
		};
		C240C7FA2166F13A00CDCB3A /* Release */ = {
			isa = XCBuildConfiguration;
			buildSettings = {
				ALWAYS_SEARCH_USER_PATHS = NO;
				CLANG_ANALYZER_NONNULL = YES;
				CLANG_ANALYZER_NUMBER_OBJECT_CONVERSION = YES_AGGRESSIVE;
				CLANG_CXX_LANGUAGE_STANDARD = "gnu++14";
				CLANG_CXX_LIBRARY = "libc++";
				CLANG_ENABLE_MODULES = YES;
				CLANG_ENABLE_OBJC_ARC = YES;
				CLANG_WARN_BLOCK_CAPTURE_AUTORELEASING = YES;
				CLANG_WARN_BOOL_CONVERSION = YES;
				CLANG_WARN_COMMA = YES;
				CLANG_WARN_CONSTANT_CONVERSION = YES;
				CLANG_WARN_DIRECT_OBJC_ISA_USAGE = YES_ERROR;
				CLANG_WARN_DOCUMENTATION_COMMENTS = YES;
				CLANG_WARN_EMPTY_BODY = YES;
				CLANG_WARN_ENUM_CONVERSION = YES;
				CLANG_WARN_INFINITE_RECURSION = YES;
				CLANG_WARN_INT_CONVERSION = YES;
				CLANG_WARN_NON_LITERAL_NULL_CONVERSION = YES;
				CLANG_WARN_OBJC_LITERAL_CONVERSION = YES;
				CLANG_WARN_OBJC_ROOT_CLASS = YES_ERROR;
				CLANG_WARN_RANGE_LOOP_ANALYSIS = YES;
				CLANG_WARN_STRICT_PROTOTYPES = YES;
				CLANG_WARN_SUSPICIOUS_MOVE = YES;
				CLANG_WARN_UNGUARDED_AVAILABILITY = YES_AGGRESSIVE;
				CLANG_WARN_UNREACHABLE_CODE = YES;
				CLANG_WARN__DUPLICATE_METHOD_MATCH = YES;
				CODE_SIGN_IDENTITY = "iPhone Developer";
				COPY_PHASE_STRIP = NO;
				DEBUG_INFORMATION_FORMAT = "dwarf-with-dsym";
				ENABLE_NS_ASSERTIONS = NO;
				ENABLE_STRICT_OBJC_MSGSEND = YES;
				GCC_C_LANGUAGE_STANDARD = gnu11;
				GCC_NO_COMMON_BLOCKS = YES;
				GCC_WARN_64_TO_32_BIT_CONVERSION = YES;
				GCC_WARN_ABOUT_RETURN_TYPE = YES_ERROR;
				GCC_WARN_UNDECLARED_SELECTOR = YES;
				GCC_WARN_UNINITIALIZED_AUTOS = YES_AGGRESSIVE;
				GCC_WARN_UNUSED_FUNCTION = YES;
				GCC_WARN_UNUSED_VARIABLE = YES;
				IPHONEOS_DEPLOYMENT_TARGET = 11.2;
				MTL_ENABLE_DEBUG_INFO = NO;
				SDKROOT = iphoneos;
				SWIFT_OPTIMIZATION_LEVEL = "-Owholemodule";
				VALIDATE_PRODUCT = YES;
			};
			name = Release;
		};
		C240C7FC2166F13A00CDCB3A /* Debug */ = {
			isa = XCBuildConfiguration;
			buildSettings = {
				ASSETCATALOG_COMPILER_APPICON_NAME = AppIcon;
				CODE_SIGN_STYLE = Automatic;
				INFOPLIST_FILE = LoadMore/Info.plist;
				LD_RUNPATH_SEARCH_PATHS = "$(inherited) @executable_path/Frameworks";
				PRODUCT_BUNDLE_IDENTIFIER = anh.LoadMore;
				PRODUCT_NAME = "$(TARGET_NAME)";
				SWIFT_VERSION = 4.0;
				TARGETED_DEVICE_FAMILY = "1,2";
			};
			name = Debug;
		};
		C240C7FD2166F13A00CDCB3A /* Release */ = {
			isa = XCBuildConfiguration;
			buildSettings = {
				ASSETCATALOG_COMPILER_APPICON_NAME = AppIcon;
				CODE_SIGN_STYLE = Automatic;
				INFOPLIST_FILE = LoadMore/Info.plist;
				LD_RUNPATH_SEARCH_PATHS = "$(inherited) @executable_path/Frameworks";
				PRODUCT_BUNDLE_IDENTIFIER = anh.LoadMore;
				PRODUCT_NAME = "$(TARGET_NAME)";
				SWIFT_VERSION = 4.0;
				TARGETED_DEVICE_FAMILY = "1,2";
			};
			name = Release;
		};
/* End XCBuildConfiguration section */

/* Begin XCConfigurationList section */
		C240C7E42166F13A00CDCB3A /* Build configuration list for PBXProject "LoadMore" */ = {
			isa = XCConfigurationList;
			buildConfigurations = (
				C240C7F92166F13A00CDCB3A /* Debug */,
				C240C7FA2166F13A00CDCB3A /* Release */,
			);
			defaultConfigurationIsVisible = 0;
			defaultConfigurationName = Release;
		};
		C240C7FB2166F13A00CDCB3A /* Build configuration list for PBXNativeTarget "LoadMore" */ = {
			isa = XCConfigurationList;
			buildConfigurations = (
				C240C7FC2166F13A00CDCB3A /* Debug */,
				C240C7FD2166F13A00CDCB3A /* Release */,
			);
			defaultConfigurationIsVisible = 0;
			defaultConfigurationName = Release;
		};
/* End XCConfigurationList section */
	};
	rootObject = C240C7E12166F13A00CDCB3A /* Project object */;
}
